
Microsoft Visual Studio Solution File, Format Version 12.00
# Visual Studio Version 17
VisualStudioVersion = 17.13.35931.197 d17.13
MinimumVisualStudioVersion = 10.0.40219.1
Project("{FAE04EC0-301F-11D3-BF4B-00C04F79EFBC}") = "SayTheC", "SayTheC\SayTheC.csproj", "{D46B72A0-98A9-4F8C-8FBE-0066BF09111E}"
EndProject
Global
	GlobalSection(SolutionConfigurationPlatforms) = preSolution
		Debug|Any CPU = Debug|Any CPU
		Release|Any CPU = Release|Any CPU
	EndGlobalSection
	GlobalSection(ProjectConfigurationPlatforms) = postSolution
		{D46B72A0-98A9-4F8C-8FBE-0066BF09111E}.Debug|Any CPU.ActiveCfg = Debug|Any CPU
		{D46B72A0-98A9-4F8C-8FBE-0066BF09111E}.Debug|Any CPU.Build.0 = Debug|Any CPU
		{D46B72A0-98A9-4F8C-8FBE-0066BF09111E}.Release|Any CPU.ActiveCfg = Release|Any CPU
		{D46B72A0-98A9-4F8C-8FBE-0066BF09111E}.Release|Any CPU.Build.0 = Release|Any CPU
	EndGlobalSection
	GlobalSection(SolutionProperties) = preSolution
		HideSolutionNode = FALSE
	EndGlobalSection
	GlobalSection(ExtensibilityGlobals) = postSolution
		SolutionGuid = {50FCDB12-3FC2-4992-AAFD-9499E3D4346B}
	EndGlobalSection
EndGlobal
